
Microsoft Visual Studio Solution File, Format Version 12.00
# Visual Studio Version 17
VisualStudioVersion = 17.12.35527.113
MinimumVisualStudioVersion = 10.0.40219.1
Project("{FAE04EC0-301F-11D3-BF4B-00C04F79EFBC}") = "Luval.WorkMate", "Luval.WorkMate\Luval.WorkMate.csproj", "{C25BA548-3AED-4BD0-8136-56DB55510163}"
EndProject
Project("{FAE04EC0-301F-11D3-BF4B-00C04F79EFBC}") = "Luval.WorkMate.UI", "Luval.WorkMate.UI\Luval.WorkMate.UI.csproj", "{D37BBE37-DAE6-4AB1-916E-CE6E7E57B519}"
EndProject
Project("{FAE04EC0-301F-11D3-BF4B-00C04F79EFBC}") = "Luval.WorkMate.Components", "Luval.WorkMate.Components\Luval.WorkMate.Components.csproj", "{BDB3D1FE-9C51-4502-95FB-17794424B394}"
EndProject
Global
	GlobalSection(SolutionConfigurationPlatforms) = preSolution
		Debug|Any CPU = Debug|Any CPU
		Release|Any CPU = Release|Any CPU
	EndGlobalSection
	GlobalSection(ProjectConfigurationPlatforms) = postSolution
		{C25BA548-3AED-4BD0-8136-56DB55510163}.Debug|Any CPU.ActiveCfg = Debug|Any CPU
		{C25BA548-3AED-4BD0-8136-56DB55510163}.Debug|Any CPU.Build.0 = Debug|Any CPU
		{C25BA548-3AED-4BD0-8136-56DB55510163}.Release|Any CPU.ActiveCfg = Release|Any CPU
		{C25BA548-3AED-4BD0-8136-56DB55510163}.Release|Any CPU.Build.0 = Release|Any CPU
		{D37BBE37-DAE6-4AB1-916E-CE6E7E57B519}.Debug|Any CPU.ActiveCfg = Debug|Any CPU
		{D37BBE37-DAE6-4AB1-916E-CE6E7E57B519}.Debug|Any CPU.Build.0 = Debug|Any CPU
		{D37BBE37-DAE6-4AB1-916E-CE6E7E57B519}.Release|Any CPU.ActiveCfg = Release|Any CPU
		{D37BBE37-DAE6-4AB1-916E-CE6E7E57B519}.Release|Any CPU.Build.0 = Release|Any CPU
		{BDB3D1FE-9C51-4502-95FB-17794424B394}.Debug|Any CPU.ActiveCfg = Debug|Any CPU
		{BDB3D1FE-9C51-4502-95FB-17794424B394}.Debug|Any CPU.Build.0 = Debug|Any CPU
		{BDB3D1FE-9C51-4502-95FB-17794424B394}.Release|Any CPU.ActiveCfg = Release|Any CPU
		{BDB3D1FE-9C51-4502-95FB-17794424B394}.Release|Any CPU.Build.0 = Release|Any CPU
	EndGlobalSection
	GlobalSection(SolutionProperties) = preSolution
		HideSolutionNode = FALSE
	EndGlobalSection
EndGlobal
